// !$*UTF8*$!
{
	archiveVersion = 1;
	classes = {
	};
	objectVersion = 55;
	objects = {

/* Begin PBXBuildFile section */
		613E263728B3A32D004F6C48 /* mxrf_ntnbApp.swift in Sources */ = {isa = PBXBuildFile; fileRef = 613E263628B3A32D004F6C48 /* mxrf_ntnbApp.swift */; };
		613E263928B3A32D004F6C48 /* ContentView.swift in Sources */ = {isa = PBXBuildFile; fileRef = 613E263828B3A32D004F6C48 /* ContentView.swift */; };
		613E263B28B3A331004F6C48 /* Assets.xcassets in Resources */ = {isa = PBXBuildFile; fileRef = 613E263A28B3A331004F6C48 /* Assets.xcassets */; };
		613E263E28B3A331004F6C48 /* Preview Assets.xcassets in Resources */ = {isa = PBXBuildFile; fileRef = 613E263D28B3A331004F6C48 /* Preview Assets.xcassets */; };
		613E264728B3A526004F6C48 /* MxrfMLModel.swift in Sources */ = {isa = PBXBuildFile; fileRef = 613E264628B3A526004F6C48 /* MxrfMLModel.swift */; };
		613E264B28B3A7E4004F6C48 /* MXRFANDNTNBModel.mlmodel in Sources */ = {isa = PBXBuildFile; fileRef = 613E264A28B3A7E4004F6C48 /* MXRFANDNTNBModel.mlmodel */; };
		613E264D28B3B09E004F6C48 /* NTNBManager.swift in Sources */ = {isa = PBXBuildFile; fileRef = 613E264C28B3B09E004F6C48 /* NTNBManager.swift */; };
		613E265028B3C235004F6C48 /* CSVImporter in Frameworks */ = {isa = PBXBuildFile; productRef = 613E264F28B3C235004F6C48 /* CSVImporter */; };
		613E265228B3CA91004F6C48 /* NTNBModel.swift in Sources */ = {isa = PBXBuildFile; fileRef = 613E265128B3CA91004F6C48 /* NTNBModel.swift */; };
		613E265528B3CF47004F6C48 /* DateExtension.swift in Sources */ = {isa = PBXBuildFile; fileRef = 613E265428B3CF47004F6C48 /* DateExtension.swift */; };
		6173E71828B550B0006AE7B8 /* CotacaoManager.swift in Sources */ = {isa = PBXBuildFile; fileRef = 6173E71728B550B0006AE7B8 /* CotacaoManager.swift */; };
		6173E71A28B5517E006AE7B8 /* CotacaoModel.swift in Sources */ = {isa = PBXBuildFile; fileRef = 6173E71928B5517E006AE7B8 /* CotacaoModel.swift */; };
		6173E71D28B66272006AE7B8 /* SwiftUICharts in Frameworks */ = {isa = PBXBuildFile; productRef = 6173E71C28B66272006AE7B8 /* SwiftUICharts */; };
		6173E71F28B662E4006AE7B8 /* Chart.swift in Sources */ = {isa = PBXBuildFile; fileRef = 6173E71E28B662E4006AE7B8 /* Chart.swift */; };
		6173E72128B66A9B006AE7B8 /* LoadingView.swift in Sources */ = {isa = PBXBuildFile; fileRef = 6173E72028B66A9B006AE7B8 /* LoadingView.swift */; };
/* End PBXBuildFile section */

/* Begin PBXFileReference section */
		613E263328B3A32D004F6C48 /* mxrf-ntnb.app */ = {isa = PBXFileReference; explicitFileType = wrapper.application; includeInIndex = 0; path = "mxrf-ntnb.app"; sourceTree = BUILT_PRODUCTS_DIR; };
		613E263628B3A32D004F6C48 /* mxrf_ntnbApp.swift */ = {isa = PBXFileReference; lastKnownFileType = sourcecode.swift; path = mxrf_ntnbApp.swift; sourceTree = "<group>"; };
		613E263828B3A32D004F6C48 /* ContentView.swift */ = {isa = PBXFileReference; lastKnownFileType = sourcecode.swift; path = ContentView.swift; sourceTree = "<group>"; };
		613E263A28B3A331004F6C48 /* Assets.xcassets */ = {isa = PBXFileReference; lastKnownFileType = folder.assetcatalog; path = Assets.xcassets; sourceTree = "<group>"; };
		613E263D28B3A331004F6C48 /* Preview Assets.xcassets */ = {isa = PBXFileReference; lastKnownFileType = folder.assetcatalog; path = "Preview Assets.xcassets"; sourceTree = "<group>"; };
		613E264628B3A526004F6C48 /* MxrfMLModel.swift */ = {isa = PBXFileReference; lastKnownFileType = sourcecode.swift; path = MxrfMLModel.swift; sourceTree = "<group>"; };
		613E264A28B3A7E4004F6C48 /* MXRFANDNTNBModel.mlmodel */ = {isa = PBXFileReference; lastKnownFileType = file.mlmodel; path = MXRFANDNTNBModel.mlmodel; sourceTree = "<group>"; };
		613E264C28B3B09E004F6C48 /* NTNBManager.swift */ = {isa = PBXFileReference; lastKnownFileType = sourcecode.swift; path = NTNBManager.swift; sourceTree = "<group>"; };
		613E265128B3CA91004F6C48 /* NTNBModel.swift */ = {isa = PBXFileReference; lastKnownFileType = sourcecode.swift; path = NTNBModel.swift; sourceTree = "<group>"; };
		613E265428B3CF47004F6C48 /* DateExtension.swift */ = {isa = PBXFileReference; lastKnownFileType = sourcecode.swift; path = DateExtension.swift; sourceTree = "<group>"; };
		6173E71728B550B0006AE7B8 /* CotacaoManager.swift */ = {isa = PBXFileReference; lastKnownFileType = sourcecode.swift; path = CotacaoManager.swift; sourceTree = "<group>"; };
		6173E71928B5517E006AE7B8 /* CotacaoModel.swift */ = {isa = PBXFileReference; lastKnownFileType = sourcecode.swift; path = CotacaoModel.swift; sourceTree = "<group>"; };
		6173E71E28B662E4006AE7B8 /* Chart.swift */ = {isa = PBXFileReference; lastKnownFileType = sourcecode.swift; path = Chart.swift; sourceTree = "<group>"; };
		6173E72028B66A9B006AE7B8 /* LoadingView.swift */ = {isa = PBXFileReference; lastKnownFileType = sourcecode.swift; path = LoadingView.swift; sourceTree = "<group>"; };
/* End PBXFileReference section */

/* Begin PBXFrameworksBuildPhase section */
		613E263028B3A32D004F6C48 /* Frameworks */ = {
			isa = PBXFrameworksBuildPhase;
			buildActionMask = 2147483647;
			files = (
				613E265028B3C235004F6C48 /* CSVImporter in Frameworks */,
				6173E71D28B66272006AE7B8 /* SwiftUICharts in Frameworks */,
			);
			runOnlyForDeploymentPostprocessing = 0;
		};
/* End PBXFrameworksBuildPhase section */

/* Begin PBXGroup section */
		613CF17228B6E45F0056DF68 /* Managers */ = {
			isa = PBXGroup;
			children = (
				613E264C28B3B09E004F6C48 /* NTNBManager.swift */,
				6173E71728B550B0006AE7B8 /* CotacaoManager.swift */,
			);
			path = Managers;
			sourceTree = "<group>";
		};
		613CF17328B6E4720056DF68 /* Views */ = {
			isa = PBXGroup;
			children = (
				613E263828B3A32D004F6C48 /* ContentView.swift */,
				6173E72028B66A9B006AE7B8 /* LoadingView.swift */,
				6173E71E28B662E4006AE7B8 /* Chart.swift */,
			);
			path = Views;
			sourceTree = "<group>";
		};
		613CF17428B6E4F10056DF68 /* Extensions */ = {
			isa = PBXGroup;
			children = (
				613E265428B3CF47004F6C48 /* DateExtension.swift */,
			);
			path = Extensions;
			sourceTree = "<group>";
		};
		613E262A28B3A32D004F6C48 = {
			isa = PBXGroup;
			children = (
				613E263528B3A32D004F6C48 /* mxrf-ntnb */,
				613E263428B3A32D004F6C48 /* Products */,
			);
			sourceTree = "<group>";
		};
		613E263428B3A32D004F6C48 /* Products */ = {
			isa = PBXGroup;
			children = (
				613E263328B3A32D004F6C48 /* mxrf-ntnb.app */,
			);
			name = Products;
			sourceTree = "<group>";
		};
		613E263528B3A32D004F6C48 /* mxrf-ntnb */ = {
			isa = PBXGroup;
			children = (
				613CF17428B6E4F10056DF68 /* Extensions */,
				613CF17328B6E4720056DF68 /* Views */,
				613CF17228B6E45F0056DF68 /* Managers */,
				613E265328B3CA9C004F6C48 /* Models */,
				613E263628B3A32D004F6C48 /* mxrf_ntnbApp.swift */,
				613E263A28B3A331004F6C48 /* Assets.xcassets */,
				613E263C28B3A331004F6C48 /* Preview Content */,
				613E264628B3A526004F6C48 /* MxrfMLModel.swift */,
				613E264A28B3A7E4004F6C48 /* MXRFANDNTNBModel.mlmodel */,
			);
			path = "mxrf-ntnb";
			sourceTree = "<group>";
		};
		613E263C28B3A331004F6C48 /* Preview Content */ = {
			isa = PBXGroup;
			children = (
				613E263D28B3A331004F6C48 /* Preview Assets.xcassets */,
			);
			path = "Preview Content";
			sourceTree = "<group>";
		};
		613E265328B3CA9C004F6C48 /* Models */ = {
			isa = PBXGroup;
			children = (
				613E265128B3CA91004F6C48 /* NTNBModel.swift */,
				6173E71928B5517E006AE7B8 /* CotacaoModel.swift */,
			);
			path = Models;
			sourceTree = "<group>";
		};
/* End PBXGroup section */

/* Begin PBXNativeTarget section */
		613E263228B3A32D004F6C48 /* mxrf-ntnb */ = {
			isa = PBXNativeTarget;
			buildConfigurationList = 613E264128B3A331004F6C48 /* Build configuration list for PBXNativeTarget "mxrf-ntnb" */;
			buildPhases = (
				613E262F28B3A32D004F6C48 /* Sources */,
				613E263028B3A32D004F6C48 /* Frameworks */,
				613E263128B3A32D004F6C48 /* Resources */,
			);
			buildRules = (
			);
			dependencies = (
			);
			name = "mxrf-ntnb";
			packageProductDependencies = (
				613E264F28B3C235004F6C48 /* CSVImporter */,
				6173E71C28B66272006AE7B8 /* SwiftUICharts */,
			);
			productName = "mxrf-ntnb";
			productReference = 613E263328B3A32D004F6C48 /* mxrf-ntnb.app */;
			productType = "com.apple.product-type.application";
		};
/* End PBXNativeTarget section */

/* Begin PBXProject section */
		613E262B28B3A32D004F6C48 /* Project object */ = {
			isa = PBXProject;
			attributes = {
				BuildIndependentTargetsInParallel = 1;
				LastSwiftUpdateCheck = 1340;
				LastUpgradeCheck = 1340;
				TargetAttributes = {
					613E263228B3A32D004F6C48 = {
						CreatedOnToolsVersion = 13.4.1;
					};
				};
			};
			buildConfigurationList = 613E262E28B3A32D004F6C48 /* Build configuration list for PBXProject "mxrf-ntnb" */;
			compatibilityVersion = "Xcode 13.0";
			developmentRegion = en;
			hasScannedForEncodings = 0;
			knownRegions = (
				en,
				Base,
			);
			mainGroup = 613E262A28B3A32D004F6C48;
			packageReferences = (
				613E264E28B3C235004F6C48 /* XCRemoteSwiftPackageReference "CSVImporter" */,
				6173E71B28B66272006AE7B8 /* XCRemoteSwiftPackageReference "SwiftUICharts" */,
			);
			productRefGroup = 613E263428B3A32D004F6C48 /* Products */;
			projectDirPath = "";
			projectRoot = "";
			targets = (
				613E263228B3A32D004F6C48 /* mxrf-ntnb */,
			);
		};
/* End PBXProject section */

/* Begin PBXResourcesBuildPhase section */
		613E263128B3A32D004F6C48 /* Resources */ = {
			isa = PBXResourcesBuildPhase;
			buildActionMask = 2147483647;
			files = (
				613E263E28B3A331004F6C48 /* Preview Assets.xcassets in Resources */,
				613E263B28B3A331004F6C48 /* Assets.xcassets in Resources */,
			);
			runOnlyForDeploymentPostprocessing = 0;
		};
/* End PBXResourcesBuildPhase section */

/* Begin PBXSourcesBuildPhase section */
		613E262F28B3A32D004F6C48 /* Sources */ = {
			isa = PBXSourcesBuildPhase;
			buildActionMask = 2147483647;
			files = (
				6173E71F28B662E4006AE7B8 /* Chart.swift in Sources */,
				6173E71A28B5517E006AE7B8 /* CotacaoModel.swift in Sources */,
				613E263928B3A32D004F6C48 /* ContentView.swift in Sources */,
				6173E72128B66A9B006AE7B8 /* LoadingView.swift in Sources */,
				613E265528B3CF47004F6C48 /* DateExtension.swift in Sources */,
				613E263728B3A32D004F6C48 /* mxrf_ntnbApp.swift in Sources */,
				613E264B28B3A7E4004F6C48 /* MXRFANDNTNBModel.mlmodel in Sources */,
				6173E71828B550B0006AE7B8 /* CotacaoManager.swift in Sources */,
				613E265228B3CA91004F6C48 /* NTNBModel.swift in Sources */,
				613E264D28B3B09E004F6C48 /* NTNBManager.swift in Sources */,
				613E264728B3A526004F6C48 /* MxrfMLModel.swift in Sources */,
			);
			runOnlyForDeploymentPostprocessing = 0;
		};
/* End PBXSourcesBuildPhase section */

/* Begin XCBuildConfiguration section */
		613E263F28B3A331004F6C48 /* Debug */ = {
			isa = XCBuildConfiguration;
			buildSettings = {
				ALWAYS_SEARCH_USER_PATHS = NO;
				CLANG_ANALYZER_NONNULL = YES;
				CLANG_ANALYZER_NUMBER_OBJECT_CONVERSION = YES_AGGRESSIVE;
				CLANG_CXX_LANGUAGE_STANDARD = "gnu++17";
				CLANG_ENABLE_MODULES = YES;
				CLANG_ENABLE_OBJC_ARC = YES;
				CLANG_ENABLE_OBJC_WEAK = YES;
				CLANG_WARN_BLOCK_CAPTURE_AUTORELEASING = YES;
				CLANG_WARN_BOOL_CONVERSION = YES;
				CLANG_WARN_COMMA = YES;
				CLANG_WARN_CONSTANT_CONVERSION = YES;
				CLANG_WARN_DEPRECATED_OBJC_IMPLEMENTATIONS = YES;
				CLANG_WARN_DIRECT_OBJC_ISA_USAGE = YES_ERROR;
				CLANG_WARN_DOCUMENTATION_COMMENTS = YES;
				CLANG_WARN_EMPTY_BODY = YES;
				CLANG_WARN_ENUM_CONVERSION = YES;
				CLANG_WARN_INFINITE_RECURSION = YES;
				CLANG_WARN_INT_CONVERSION = YES;
				CLANG_WARN_NON_LITERAL_NULL_CONVERSION = YES;
				CLANG_WARN_OBJC_IMPLICIT_RETAIN_SELF = YES;
				CLANG_WARN_OBJC_LITERAL_CONVERSION = YES;
				CLANG_WARN_OBJC_ROOT_CLASS = YES_ERROR;
				CLANG_WARN_QUOTED_INCLUDE_IN_FRAMEWORK_HEADER = YES;
				CLANG_WARN_RANGE_LOOP_ANALYSIS = YES;
				CLANG_WARN_STRICT_PROTOTYPES = YES;
				CLANG_WARN_SUSPICIOUS_MOVE = YES;
				CLANG_WARN_UNGUARDED_AVAILABILITY = YES_AGGRESSIVE;
				CLANG_WARN_UNREACHABLE_CODE = YES;
				CLANG_WARN__DUPLICATE_METHOD_MATCH = YES;
				COPY_PHASE_STRIP = NO;
				DEBUG_INFORMATION_FORMAT = dwarf;
				ENABLE_STRICT_OBJC_MSGSEND = YES;
				ENABLE_TESTABILITY = YES;
				GCC_C_LANGUAGE_STANDARD = gnu11;
				GCC_DYNAMIC_NO_PIC = NO;
				GCC_NO_COMMON_BLOCKS = YES;
				GCC_OPTIMIZATION_LEVEL = 0;
				GCC_PREPROCESSOR_DEFINITIONS = (
					"DEBUG=1",
					"$(inherited)",
				);
				GCC_WARN_64_TO_32_BIT_CONVERSION = YES;
				GCC_WARN_ABOUT_RETURN_TYPE = YES_ERROR;
				GCC_WARN_UNDECLARED_SELECTOR = YES;
				GCC_WARN_UNINITIALIZED_AUTOS = YES_AGGRESSIVE;
				GCC_WARN_UNUSED_FUNCTION = YES;
				GCC_WARN_UNUSED_VARIABLE = YES;
				IPHONEOS_DEPLOYMENT_TARGET = 15.5;
				MTL_ENABLE_DEBUG_INFO = INCLUDE_SOURCE;
				MTL_FAST_MATH = YES;
				ONLY_ACTIVE_ARCH = YES;
				SDKROOT = iphoneos;
				SWIFT_ACTIVE_COMPILATION_CONDITIONS = DEBUG;
				SWIFT_OPTIMIZATION_LEVEL = "-Onone";
			};
			name = Debug;
		};
		613E264028B3A331004F6C48 /* Release */ = {
			isa = XCBuildConfiguration;
			buildSettings = {
				ALWAYS_SEARCH_USER_PATHS = NO;
				CLANG_ANALYZER_NONNULL = YES;
				CLANG_ANALYZER_NUMBER_OBJECT_CONVERSION = YES_AGGRESSIVE;
				CLANG_CXX_LANGUAGE_STANDARD = "gnu++17";
				CLANG_ENABLE_MODULES = YES;
				CLANG_ENABLE_OBJC_ARC = YES;
				CLANG_ENABLE_OBJC_WEAK = YES;
				CLANG_WARN_BLOCK_CAPTURE_AUTORELEASING = YES;
				CLANG_WARN_BOOL_CONVERSION = YES;
				CLANG_WARN_COMMA = YES;
				CLANG_WARN_CONSTANT_CONVERSION = YES;
				CLANG_WARN_DEPRECATED_OBJC_IMPLEMENTATIONS = YES;
				CLANG_WARN_DIRECT_OBJC_ISA_USAGE = YES_ERROR;
				CLANG_WARN_DOCUMENTATION_COMMENTS = YES;
				CLANG_WARN_EMPTY_BODY = YES;
				CLANG_WARN_ENUM_CONVERSION = YES;
				CLANG_WARN_INFINITE_RECURSION = YES;
				CLANG_WARN_INT_CONVERSION = YES;
				CLANG_WARN_NON_LITERAL_NULL_CONVERSION = YES;
				CLANG_WARN_OBJC_IMPLICIT_RETAIN_SELF = YES;
				CLANG_WARN_OBJC_LITERAL_CONVERSION = YES;
				CLANG_WARN_OBJC_ROOT_CLASS = YES_ERROR;
				CLANG_WARN_QUOTED_INCLUDE_IN_FRAMEWORK_HEADER = YES;
				CLANG_WARN_RANGE_LOOP_ANALYSIS = YES;
				CLANG_WARN_STRICT_PROTOTYPES = YES;
				CLANG_WARN_SUSPICIOUS_MOVE = YES;
				CLANG_WARN_UNGUARDED_AVAILABILITY = YES_AGGRESSIVE;
				CLANG_WARN_UNREACHABLE_CODE = YES;
				CLANG_WARN__DUPLICATE_METHOD_MATCH = YES;
				COPY_PHASE_STRIP = NO;
				DEBUG_INFORMATION_FORMAT = "dwarf-with-dsym";
				ENABLE_NS_ASSERTIONS = NO;
				ENABLE_STRICT_OBJC_MSGSEND = YES;
				GCC_C_LANGUAGE_STANDARD = gnu11;
				GCC_NO_COMMON_BLOCKS = YES;
				GCC_WARN_64_TO_32_BIT_CONVERSION = YES;
				GCC_WARN_ABOUT_RETURN_TYPE = YES_ERROR;
				GCC_WARN_UNDECLARED_SELECTOR = YES;
				GCC_WARN_UNINITIALIZED_AUTOS = YES_AGGRESSIVE;
				GCC_WARN_UNUSED_FUNCTION = YES;
				GCC_WARN_UNUSED_VARIABLE = YES;
				IPHONEOS_DEPLOYMENT_TARGET = 15.5;
				MTL_ENABLE_DEBUG_INFO = NO;
				MTL_FAST_MATH = YES;
				SDKROOT = iphoneos;
				SWIFT_COMPILATION_MODE = wholemodule;
				SWIFT_OPTIMIZATION_LEVEL = "-O";
				VALIDATE_PRODUCT = YES;
			};
			name = Release;
		};
		613E264228B3A331004F6C48 /* Debug */ = {
			isa = XCBuildConfiguration;
			buildSettings = {
				ASSETCATALOG_COMPILER_APPICON_NAME = AppIcon;
				ASSETCATALOG_COMPILER_GLOBAL_ACCENT_COLOR_NAME = AccentColor;
				CODE_SIGN_STYLE = Automatic;
				CURRENT_PROJECT_VERSION = 1;
				DEVELOPMENT_ASSET_PATHS = "\"mxrf-ntnb/Preview Content\"";
				DEVELOPMENT_TEAM = N8H5SWXWAZ;
				ENABLE_PREVIEWS = YES;
				GENERATE_INFOPLIST_FILE = YES;
				INFOPLIST_KEY_UIApplicationSceneManifest_Generation = YES;
				INFOPLIST_KEY_UIApplicationSupportsIndirectInputEvents = YES;
				INFOPLIST_KEY_UILaunchScreen_Generation = YES;
				INFOPLIST_KEY_UISupportedInterfaceOrientations_iPad = "UIInterfaceOrientationPortrait UIInterfaceOrientationPortraitUpsideDown UIInterfaceOrientationLandscapeLeft UIInterfaceOrientationLandscapeRight";
				INFOPLIST_KEY_UISupportedInterfaceOrientations_iPhone = "UIInterfaceOrientationPortrait UIInterfaceOrientationLandscapeLeft UIInterfaceOrientationLandscapeRight";
				LD_RUNPATH_SEARCH_PATHS = (
					"$(inherited)",
					"@executable_path/Frameworks",
				);
				MARKETING_VERSION = 1.0;
				PRODUCT_BUNDLE_IDENTIFIER = "giordano.mattiello.mxrf-ntnb";
				PRODUCT_NAME = "$(TARGET_NAME)";
				SWIFT_EMIT_LOC_STRINGS = YES;
				SWIFT_VERSION = 5.0;
				TARGETED_DEVICE_FAMILY = "1,2";
			};
			name = Debug;
		};
		613E264328B3A331004F6C48 /* Release */ = {
			isa = XCBuildConfiguration;
			buildSettings = {
				ASSETCATALOG_COMPILER_APPICON_NAME = AppIcon;
				ASSETCATALOG_COMPILER_GLOBAL_ACCENT_COLOR_NAME = AccentColor;
				CODE_SIGN_STYLE = Automatic;
				CURRENT_PROJECT_VERSION = 1;
				DEVELOPMENT_ASSET_PATHS = "\"mxrf-ntnb/Preview Content\"";
				DEVELOPMENT_TEAM = N8H5SWXWAZ;
				ENABLE_PREVIEWS = YES;
				GENERATE_INFOPLIST_FILE = YES;
				INFOPLIST_KEY_UIApplicationSceneManifest_Generation = YES;
				INFOPLIST_KEY_UIApplicationSupportsIndirectInputEvents = YES;
				INFOPLIST_KEY_UILaunchScreen_Generation = YES;
				INFOPLIST_KEY_UISupportedInterfaceOrientations_iPad = "UIInterfaceOrientationPortrait UIInterfaceOrientationPortraitUpsideDown UIInterfaceOrientationLandscapeLeft UIInterfaceOrientationLandscapeRight";
				INFOPLIST_KEY_UISupportedInterfaceOrientations_iPhone = "UIInterfaceOrientationPortrait UIInterfaceOrientationLandscapeLeft UIInterfaceOrientationLandscapeRight";
				LD_RUNPATH_SEARCH_PATHS = (
					"$(inherited)",
					"@executable_path/Frameworks",
				);
				MARKETING_VERSION = 1.0;
				PRODUCT_BUNDLE_IDENTIFIER = "giordano.mattiello.mxrf-ntnb";
				PRODUCT_NAME = "$(TARGET_NAME)";
				SWIFT_EMIT_LOC_STRINGS = YES;
				SWIFT_VERSION = 5.0;
				TARGETED_DEVICE_FAMILY = "1,2";
			};
			name = Release;
		};
/* End XCBuildConfiguration section */

/* Begin XCConfigurationList section */
		613E262E28B3A32D004F6C48 /* Build configuration list for PBXProject "mxrf-ntnb" */ = {
			isa = XCConfigurationList;
			buildConfigurations = (
				613E263F28B3A331004F6C48 /* Debug */,
				613E264028B3A331004F6C48 /* Release */,
			);
			defaultConfigurationIsVisible = 0;
			defaultConfigurationName = Release;
		};
		613E264128B3A331004F6C48 /* Build configuration list for PBXNativeTarget "mxrf-ntnb" */ = {
			isa = XCConfigurationList;
			buildConfigurations = (
				613E264228B3A331004F6C48 /* Debug */,
				613E264328B3A331004F6C48 /* Release */,
			);
			defaultConfigurationIsVisible = 0;
			defaultConfigurationName = Release;
		};
/* End XCConfigurationList section */

/* Begin XCRemoteSwiftPackageReference section */
		613E264E28B3C235004F6C48 /* XCRemoteSwiftPackageReference "CSVImporter" */ = {
			isa = XCRemoteSwiftPackageReference;
			repositoryURL = "https://github.com/FlineDev/CSVImporter";
			requirement = {
				kind = upToNextMajorVersion;
				minimumVersion = 1.0.0;
			};
		};
		6173E71B28B66272006AE7B8 /* XCRemoteSwiftPackageReference "SwiftUICharts" */ = {
			isa = XCRemoteSwiftPackageReference;
			repositoryURL = "https://github.com/willdale/SwiftUICharts";
			requirement = {
				kind = upToNextMajorVersion;
				minimumVersion = 2.0.0;
			};
		};
/* End XCRemoteSwiftPackageReference section */

/* Begin XCSwiftPackageProductDependency section */
		613E264F28B3C235004F6C48 /* CSVImporter */ = {
			isa = XCSwiftPackageProductDependency;
			package = 613E264E28B3C235004F6C48 /* XCRemoteSwiftPackageReference "CSVImporter" */;
			productName = CSVImporter;
		};
		6173E71C28B66272006AE7B8 /* SwiftUICharts */ = {
			isa = XCSwiftPackageProductDependency;
			package = 6173E71B28B66272006AE7B8 /* XCRemoteSwiftPackageReference "SwiftUICharts" */;
			productName = SwiftUICharts;
		};
/* End XCSwiftPackageProductDependency section */
	};
	rootObject = 613E262B28B3A32D004F6C48 /* Project object */;
}
